
Microsoft Visual Studio Solution File, Format Version 12.00
# Visual Studio Version 17
VisualStudioVersion = 17.11.35219.272
MinimumVisualStudioVersion = 10.0.40219.1
Project("{FAE04EC0-301F-11D3-BF4B-00C04F79EFBC}") = "RemisztoDolgozatSO", "RemisztoDolgozatSO\RemisztoDolgozatSO.csproj", "{38550CEF-8F81-49E6-ACA3-3A735B9D13C9}"
EndProject
Global
	GlobalSection(SolutionConfigurationPlatforms) = preSolution
		Debug|Any CPU = Debug|Any CPU
		Release|Any CPU = Release|Any CPU
	EndGlobalSection
	GlobalSection(ProjectConfigurationPlatforms) = postSolution
		{38550CEF-8F81-49E6-ACA3-3A735B9D13C9}.Debug|Any CPU.ActiveCfg = Debug|Any CPU
		{38550CEF-8F81-49E6-ACA3-3A735B9D13C9}.Debug|Any CPU.Build.0 = Debug|Any CPU
		{38550CEF-8F81-49E6-ACA3-3A735B9D13C9}.Release|Any CPU.ActiveCfg = Release|Any CPU
		{38550CEF-8F81-49E6-ACA3-3A735B9D13C9}.Release|Any CPU.Build.0 = Release|Any CPU
	EndGlobalSection
	GlobalSection(SolutionProperties) = preSolution
		HideSolutionNode = FALSE
	EndGlobalSection
	GlobalSection(ExtensibilityGlobals) = postSolution
		SolutionGuid = {1360482F-4E11-4AC8-AEA9-9D2F86865781}
	EndGlobalSection
EndGlobal
